
Microsoft Visual Studio Solution File, Format Version 12.00
# Visual Studio Version 17
VisualStudioVersion = 17.14.36408.4 d17.14
MinimumVisualStudioVersion = 10.0.40219.1
Project("{FAE04EC0-301F-11D3-BF4B-00C04F79EFBC}") = "crudEntityFramework", "crudEntityFramework.csproj", "{33634793-1E7C-4259-973D-254F477F2236}"
EndProject
Global
	GlobalSection(SolutionConfigurationPlatforms) = preSolution
		Debug|Any CPU = Debug|Any CPU
		Release|Any CPU = Release|Any CPU
	EndGlobalSection
	GlobalSection(ProjectConfigurationPlatforms) = postSolution
		{33634793-1E7C-4259-973D-254F477F2236}.Debug|Any CPU.ActiveCfg = Debug|Any CPU
		{33634793-1E7C-4259-973D-254F477F2236}.Debug|Any CPU.Build.0 = Debug|Any CPU
		{33634793-1E7C-4259-973D-254F477F2236}.Release|Any CPU.ActiveCfg = Release|Any CPU
		{33634793-1E7C-4259-973D-254F477F2236}.Release|Any CPU.Build.0 = Release|Any CPU
	EndGlobalSection
	GlobalSection(SolutionProperties) = preSolution
		HideSolutionNode = FALSE
	EndGlobalSection
	GlobalSection(ExtensibilityGlobals) = postSolution
		SolutionGuid = {5DF05229-3D24-4F48-9121-F61F44D85961}
	EndGlobalSection
EndGlobal
